PODS:
  - CleverTap-iOS-SDK (2.2.2):
    - CleverTap-iOS-SDK/Main (= 2.2.2)
  - CleverTap-iOS-SDK/AppExtension (2.2.2)
  - CleverTap-iOS-SDK/Main (2.2.2)

DEPENDENCIES:
  - CleverTap-iOS-SDK (from `../clevertap-ios-sdk/`)
  - CleverTap-iOS-SDK/AppExtension (from `../clevertap-ios-sdk/`)

EXTERNAL SOURCES:
  CleverTap-iOS-SDK:
    :path: "../clevertap-ios-sdk/"

SPEC CHECKSUMS:
  CleverTap-iOS-SDK: 25695556a00350078a599b7e0b405e8419617b96

PODFILE CHECKSUM: 31330285deb06ea782009f71bfd66d3ea24afedd

COCOAPODS: 1.0.1
