// !$*UTF8*$!
{
	archiveVersion = 1;
	classes = {
	};
	objectVersion = 46;
	objects = {

/* Begin PBXBuildFile section */
		52F236301D637AF50027E5C4 /* AppDelegate.swift in Sources */ = {isa = PBXBuildFile; fileRef = 52F2362F1D637AF50027E5C4 /* AppDelegate.swift */; };
		52F236321D637AF50027E5C4 /* ViewController.swift in Sources */ = {isa = PBXBuildFile; fileRef = 52F236311D637AF50027E5C4 /* ViewController.swift */; };
		52F236351D637AF50027E5C4 /* Main.storyboard in Resources */ = {isa = PBXBuildFile; fileRef = 52F236331D637AF50027E5C4 /* Main.storyboard */; };
		52F236371D637AF50027E5C4 /* Assets.xcassets in Resources */ = {isa = PBXBuildFile; fileRef = 52F236361D637AF50027E5C4 /* Assets.xcassets */; };
		52F2363A1D637AF50027E5C4 /* LaunchScreen.storyboard in Resources */ = {isa = PBXBuildFile; fileRef = 52F236381D637AF50027E5C4 /* LaunchScreen.storyboard */; };
		680200F9F2715AB8842DECE9 /* libPods-demo10.a in Frameworks */ = {isa = PBXBuildFile; fileRef = 077F4BB2D30BBF62DF2F06BB /* libPods-demo10.a */; };
/* End PBXBuildFile section */

/* Begin PBXFileReference section */
		077F4BB2D30BBF62DF2F06BB /* libPods-demo10.a */ = {isa = PBXFileReference; explicitFileType = archive.ar; includeInIndex = 0; path = "libPods-demo10.a"; sourceTree = BUILT_PRODUCTS_DIR; };
		18A4092F132C16368A0E6587 /* Pods-demo10.debug.xcconfig */ = {isa = PBXFileReference; includeInIndex = 1; lastKnownFileType = text.xcconfig; name = "Pods-demo10.debug.xcconfig"; path = "Pods/Target Support Files/Pods-demo10/Pods-demo10.debug.xcconfig"; sourceTree = "<group>"; };
		52F2362C1D637AF50027E5C4 /* demo10.app */ = {isa = PBXFileReference; explicitFileType = wrapper.application; includeInIndex = 0; path = demo10.app; sourceTree = BUILT_PRODUCTS_DIR; };
		52F2362F1D637AF50027E5C4 /* AppDelegate.swift */ = {isa = PBXFileReference; lastKnownFileType = sourcecode.swift; path = AppDelegate.swift; sourceTree = "<group>"; };
		52F236311D637AF50027E5C4 /* ViewController.swift */ = {isa = PBXFileReference; lastKnownFileType = sourcecode.swift; path = ViewController.swift; sourceTree = "<group>"; };
		52F236341D637AF50027E5C4 /* Base */ = {isa = PBXFileReference; lastKnownFileType = file.storyboard; name = Base; path = Base.lproj/Main.storyboard; sourceTree = "<group>"; };
		52F236361D637AF50027E5C4 /* Assets.xcassets */ = {isa = PBXFileReference; lastKnownFileType = folder.assetcatalog; path = Assets.xcassets; sourceTree = "<group>"; };
		52F236391D637AF50027E5C4 /* Base */ = {isa = PBXFileReference; lastKnownFileType = file.storyboard; name = Base; path = Base.lproj/LaunchScreen.storyboard; sourceTree = "<group>"; };
		52F2363B1D637AF50027E5C4 /* Info.plist */ = {isa = PBXFileReference; lastKnownFileType = text.plist.xml; path = Info.plist; sourceTree = "<group>"; };
		52F236411D637C850027E5C4 /* bridging-header.h */ = {isa = PBXFileReference; fileEncoding = 4; lastKnownFileType = sourcecode.c.h; path = "bridging-header.h"; sourceTree = "<group>"; };
		52F236421D6380FB0027E5C4 /* demo10.entitlements */ = {isa = PBXFileReference; lastKnownFileType = text.plist.entitlements; path = demo10.entitlements; sourceTree = "<group>"; };
		9DCB25DD8145893DB2671DA5 /* Pods-demo10.release.xcconfig */ = {isa = PBXFileReference; includeInIndex = 1; lastKnownFileType = text.xcconfig; name = "Pods-demo10.release.xcconfig"; path = "Pods/Target Support Files/Pods-demo10/Pods-demo10.release.xcconfig"; sourceTree = "<group>"; };
/* End PBXFileReference section */

/* Begin PBXFrameworksBuildPhase section */
		52F236291D637AF50027E5C4 /* Frameworks */ = {
			isa = PBXFrameworksBuildPhase;
			buildActionMask = 2147483647;
			files = (
				680200F9F2715AB8842DECE9 /* libPods-demo10.a in Frameworks */,
			);
			runOnlyForDeploymentPostprocessing = 0;
		};
/* End PBXFrameworksBuildPhase section */

/* Begin PBXGroup section */
		52F236231D637AF50027E5C4 = {
			isa = PBXGroup;
			children = (
				52F2362E1D637AF50027E5C4 /* demo10 */,
				52F2362D1D637AF50027E5C4 /* Products */,
				85A323C5B10A46668C8E84C5 /* Pods */,
				B252101F7B12716B0F4F8680 /* Frameworks */,
			);
			sourceTree = "<group>";
		};
		52F2362D1D637AF50027E5C4 /* Products */ = {
			isa = PBXGroup;
			children = (
				52F2362C1D637AF50027E5C4 /* demo10.app */,
			);
			name = Products;
			sourceTree = "<group>";
		};
		52F2362E1D637AF50027E5C4 /* demo10 */ = {
			isa = PBXGroup;
			children = (
				52F236421D6380FB0027E5C4 /* demo10.entitlements */,
				52F236411D637C850027E5C4 /* bridging-header.h */,
				52F2362F1D637AF50027E5C4 /* AppDelegate.swift */,
				52F236311D637AF50027E5C4 /* ViewController.swift */,
				52F236331D637AF50027E5C4 /* Main.storyboard */,
				52F236361D637AF50027E5C4 /* Assets.xcassets */,
				52F236381D637AF50027E5C4 /* LaunchScreen.storyboard */,
				52F2363B1D637AF50027E5C4 /* Info.plist */,
			);
			path = demo10;
			sourceTree = "<group>";
		};
		85A323C5B10A46668C8E84C5 /* Pods */ = {
			isa = PBXGroup;
			children = (
				18A4092F132C16368A0E6587 /* Pods-demo10.debug.xcconfig */,
				9DCB25DD8145893DB2671DA5 /* Pods-demo10.release.xcconfig */,
			);
			name = Pods;
			sourceTree = "<group>";
		};
		B252101F7B12716B0F4F8680 /* Frameworks */ = {
			isa = PBXGroup;
			children = (
				077F4BB2D30BBF62DF2F06BB /* libPods-demo10.a */,
			);
			name = Frameworks;
			sourceTree = "<group>";
		};
/* End PBXGroup section */

/* Begin PBXNativeTarget section */
		52F2362B1D637AF50027E5C4 /* demo10 */ = {
			isa = PBXNativeTarget;
			buildConfigurationList = 52F2363E1D637AF50027E5C4 /* Build configuration list for PBXNativeTarget "demo10" */;
			buildPhases = (
				C6181FEBB991D35E3ADDE4DF /* [CP] Check Pods Manifest.lock */,
				52F236281D637AF50027E5C4 /* Sources */,
				52F236291D637AF50027E5C4 /* Frameworks */,
				52F2362A1D637AF50027E5C4 /* Resources */,
				7C787A0FB64956FA50CBB8AB /* [CP] Embed Pods Frameworks */,
				7E848A09805792C689F7C31D /* [CP] Copy Pods Resources */,
			);
			buildRules = (
			);
			dependencies = (
			);
			name = demo10;
			productName = demo10;
			productReference = 52F2362C1D637AF50027E5C4 /* demo10.app */;
			productType = "com.apple.product-type.application";
		};
/* End PBXNativeTarget section */

/* Begin PBXProject section */
		52F236241D637AF50027E5C4 /* Project object */ = {
			isa = PBXProject;
			attributes = {
				LastSwiftUpdateCheck = 0800;
				LastUpgradeCheck = 0800;
				ORGANIZATIONNAME = CleverTap;
				TargetAttributes = {
					52F2362B1D637AF50027E5C4 = {
						CreatedOnToolsVersion = 8.0;
						DevelopmentTeam = A5J34NR598;
						ProvisioningStyle = Automatic;
						SystemCapabilities = {
							com.apple.ApplicationGroups.iOS = {
								enabled = 1;
							};
							com.apple.Push = {
								enabled = 1;
							};
						};
					};
				};
			};
			buildConfigurationList = 52F236271D637AF50027E5C4 /* Build configuration list for PBXProject "demo10" */;
			compatibilityVersion = "Xcode 3.2";
			developmentRegion = English;
			hasScannedForEncodings = 0;
			knownRegions = (
				en,
				Base,
			);
			mainGroup = 52F236231D637AF50027E5C4;
			productRefGroup = 52F2362D1D637AF50027E5C4 /* Products */;
			projectDirPath = "";
			projectRoot = "";
			targets = (
				52F2362B1D637AF50027E5C4 /* demo10 */,
			);
		};
/* End PBXProject section */

/* Begin PBXResourcesBuildPhase section */
		52F2362A1D637AF50027E5C4 /* Resources */ = {
			isa = PBXResourcesBuildPhase;
			buildActionMask = 2147483647;
			files = (
				52F2363A1D637AF50027E5C4 /* LaunchScreen.storyboard in Resources */,
				52F236371D637AF50027E5C4 /* Assets.xcassets in Resources */,
				52F236351D637AF50027E5C4 /* Main.storyboard in Resources */,
			);
			runOnlyForDeploymentPostprocessing = 0;
		};
/* End PBXResourcesBuildPhase section */

/* Begin PBXShellScriptBuildPhase section */
		7C787A0FB64956FA50CBB8AB /* [CP] Embed Pods Frameworks */ = {
			isa = PBXShellScriptBuildPhase;
			buildActionMask = 2147483647;
			files = (
			);
			inputPaths = (
			);
			name = "[CP] Embed Pods Frameworks";
			outputPaths = (
			);
			runOnlyForDeploymentPostprocessing = 0;
			shellPath = /bin/sh;
			shellScript = "\"${SRCROOT}/Pods/Target Support Files/Pods-demo10/Pods-demo10-frameworks.sh\"\n";
			showEnvVarsInLog = 0;
		};
		7E848A09805792C689F7C31D /* [CP] Copy Pods Resources */ = {
			isa = PBXShellScriptBuildPhase;
			buildActionMask = 2147483647;
			files = (
			);
			inputPaths = (
			);
			name = "[CP] Copy Pods Resources";
			outputPaths = (
			);
			runOnlyForDeploymentPostprocessing = 0;
			shellPath = /bin/sh;
			shellScript = "\"${SRCROOT}/Pods/Target Support Files/Pods-demo10/Pods-demo10-resources.sh\"\n";
			showEnvVarsInLog = 0;
		};
		C6181FEBB991D35E3ADDE4DF /* [CP] Check Pods Manifest.lock */ = {
			isa = PBXShellScriptBuildPhase;
			buildActionMask = 2147483647;
			files = (
			);
			inputPaths = (
			);
			name = "[CP] Check Pods Manifest.lock";
			outputPaths = (
			);
			runOnlyForDeploymentPostprocessing = 0;
			shellPath = /bin/sh;
			shellScript = "diff \"${PODS_ROOT}/../Podfile.lock\" \"${PODS_ROOT}/Manifest.lock\" > /dev/null\nif [[ $? != 0 ]] ; then\n    cat << EOM\nerror: The sandbox is not in sync with the Podfile.lock. Run 'pod install' or update your CocoaPods installation.\nEOM\n    exit 1\nfi\n";
			showEnvVarsInLog = 0;
		};
/* End PBXShellScriptBuildPhase section */

/* Begin PBXSourcesBuildPhase section */
		52F236281D637AF50027E5C4 /* Sources */ = {
			isa = PBXSourcesBuildPhase;
			buildActionMask = 2147483647;
			files = (
				52F236321D637AF50027E5C4 /* ViewController.swift in Sources */,
				52F236301D637AF50027E5C4 /* AppDelegate.swift in Sources */,
			);
			runOnlyForDeploymentPostprocessing = 0;
		};
/* End PBXSourcesBuildPhase section */

/* Begin PBXVariantGroup section */
		52F236331D637AF50027E5C4 /* Main.storyboard */ = {
			isa = PBXVariantGroup;
			children = (
				52F236341D637AF50027E5C4 /* Base */,
			);
			name = Main.storyboard;
			sourceTree = "<group>";
		};
		52F236381D637AF50027E5C4 /* LaunchScreen.storyboard */ = {
			isa = PBXVariantGroup;
			children = (
				52F236391D637AF50027E5C4 /* Base */,
			);
			name = LaunchScreen.storyboard;
			sourceTree = "<group>";
		};
/* End PBXVariantGroup section */

/* Begin XCBuildConfiguration section */
		52F2363C1D637AF50027E5C4 /* Debug */ = {
			isa = XCBuildConfiguration;
			buildSettings = {
				ALWAYS_SEARCH_USER_PATHS = NO;
				CLANG_ANALYZER_NONNULL = YES;
				CLANG_CXX_LANGUAGE_STANDARD = "gnu++0x";
				CLANG_CXX_LIBRARY = "libc++";
				CLANG_ENABLE_MODULES = YES;
				CLANG_ENABLE_OBJC_ARC = YES;
				CLANG_WARN_BOOL_CONVERSION = YES;
				CLANG_WARN_CONSTANT_CONVERSION = YES;
				CLANG_WARN_DIRECT_OBJC_ISA_USAGE = YES_ERROR;
				CLANG_WARN_DOCUMENTATION_COMMENTS = YES;
				CLANG_WARN_EMPTY_BODY = YES;
				CLANG_WARN_ENUM_CONVERSION = YES;
				CLANG_WARN_INFINITE_RECURSION = YES;
				CLANG_WARN_INT_CONVERSION = YES;
				CLANG_WARN_OBJC_ROOT_CLASS = YES_ERROR;
				CLANG_WARN_SUSPICIOUS_MOVES = YES;
				CLANG_WARN_UNREACHABLE_CODE = YES;
				CLANG_WARN__DUPLICATE_METHOD_MATCH = YES;
				"CODE_SIGN_IDENTITY[sdk=iphoneos*]" = "iPhone Developer";
				COPY_PHASE_STRIP = NO;
				DEBUG_INFORMATION_FORMAT = dwarf;
				ENABLE_STRICT_OBJC_MSGSEND = YES;
				ENABLE_TESTABILITY = YES;
				GCC_C_LANGUAGE_STANDARD = gnu99;
				GCC_DYNAMIC_NO_PIC = NO;
				GCC_NO_COMMON_BLOCKS = YES;
				GCC_OPTIMIZATION_LEVEL = 0;
				GCC_PREPROCESSOR_DEFINITIONS = (
					"DEBUG=1",
					"$(inherited)",
				);
				GCC_WARN_64_TO_32_BIT_CONVERSION = YES;
				GCC_WARN_ABOUT_RETURN_TYPE = YES_ERROR;
				GCC_WARN_UNDECLARED_SELECTOR = YES;
				GCC_WARN_UNINITIALIZED_AUTOS = YES_AGGRESSIVE;
				GCC_WARN_UNUSED_FUNCTION = YES;
				GCC_WARN_UNUSED_VARIABLE = YES;
				IPHONEOS_DEPLOYMENT_TARGET = 10.0;
				MTL_ENABLE_DEBUG_INFO = YES;
				ONLY_ACTIVE_ARCH = YES;
				SDKROOT = iphoneos;
				SWIFT_ACTIVE_COMPILATION_CONDITIONS = DEBUG;
				SWIFT_OPTIMIZATION_LEVEL = "-Onone";
				TARGETED_DEVICE_FAMILY = "1,2";
			};
			name = Debug;
		};
		52F2363D1D637AF50027E5C4 /* Release */ = {
			isa = XCBuildConfiguration;
			buildSettings = {
				ALWAYS_SEARCH_USER_PATHS = NO;
				CLANG_ANALYZER_NONNULL = YES;
				CLANG_CXX_LANGUAGE_STANDARD = "gnu++0x";
				CLANG_CXX_LIBRARY = "libc++";
				CLANG_ENABLE_MODULES = YES;
				CLANG_ENABLE_OBJC_ARC = YES;
				CLANG_WARN_BOOL_CONVERSION = YES;
				CLANG_WARN_CONSTANT_CONVERSION = YES;
				CLANG_WARN_DIRECT_OBJC_ISA_USAGE = YES_ERROR;
				CLANG_WARN_DOCUMENTATION_COMMENTS = YES;
				CLANG_WARN_EMPTY_BODY = YES;
				CLANG_WARN_ENUM_CONVERSION = YES;
				CLANG_WARN_INFINITE_RECURSION = YES;
				CLANG_WARN_INT_CONVERSION = YES;
				CLANG_WARN_OBJC_ROOT_CLASS = YES_ERROR;
				CLANG_WARN_SUSPICIOUS_MOVES = YES;
				CLANG_WARN_UNREACHABLE_CODE = YES;
				CLANG_WARN__DUPLICATE_METHOD_MATCH = YES;
				"CODE_SIGN_IDENTITY[sdk=iphoneos*]" = "iPhone Developer";
				COPY_PHASE_STRIP = NO;
				DEBUG_INFORMATION_FORMAT = "dwarf-with-dsym";
				ENABLE_NS_ASSERTIONS = NO;
				ENABLE_STRICT_OBJC_MSGSEND = YES;
				GCC_C_LANGUAGE_STANDARD = gnu99;
				GCC_NO_COMMON_BLOCKS = YES;
				GCC_WARN_64_TO_32_BIT_CONVERSION = YES;
				GCC_WARN_ABOUT_RETURN_TYPE = YES_ERROR;
				GCC_WARN_UNDECLARED_SELECTOR = YES;
				GCC_WARN_UNINITIALIZED_AUTOS = YES_AGGRESSIVE;
				GCC_WARN_UNUSED_FUNCTION = YES;
				GCC_WARN_UNUSED_VARIABLE = YES;
				IPHONEOS_DEPLOYMENT_TARGET = 10.0;
				MTL_ENABLE_DEBUG_INFO = NO;
				SDKROOT = iphoneos;
				SWIFT_OPTIMIZATION_LEVEL = "-Owholemodule";
				TARGETED_DEVICE_FAMILY = "1,2";
				VALIDATE_PRODUCT = YES;
			};
			name = Release;
		};
		52F2363F1D637AF50027E5C4 /* Debug */ = {
			isa = XCBuildConfiguration;
			baseConfigurationReference = 18A4092F132C16368A0E6587 /* Pods-demo10.debug.xcconfig */;
			buildSettings = {
				ASSETCATALOG_COMPILER_APPICON_NAME = AppIcon;
				CODE_SIGN_ENTITLEMENTS = demo10/demo10.entitlements;
				DEVELOPMENT_TEAM = A5J34NR598;
				INFOPLIST_FILE = demo10/Info.plist;
				LD_RUNPATH_SEARCH_PATHS = "$(inherited) @executable_path/Frameworks";
				PRODUCT_BUNDLE_IDENTIFIER = com.clevertap.demo10;
				PRODUCT_NAME = "$(TARGET_NAME)";
				SWIFT_OBJC_BRIDGING_HEADER = "demo10/bridging-header.h";
				SWIFT_VERSION = 3.0;
			};
			name = Debug;
		};
		52F236401D637AF50027E5C4 /* Release */ = {
			isa = XCBuildConfiguration;
			baseConfigurationReference = 9DCB25DD8145893DB2671DA5 /* Pods-demo10.release.xcconfig */;
			buildSettings = {
				ASSETCATALOG_COMPILER_APPICON_NAME = AppIcon;
				CODE_SIGN_ENTITLEMENTS = demo10/demo10.entitlements;
				DEVELOPMENT_TEAM = A5J34NR598;
				INFOPLIST_FILE = demo10/Info.plist;
				LD_RUNPATH_SEARCH_PATHS = "$(inherited) @executable_path/Frameworks";
				PRODUCT_BUNDLE_IDENTIFIER = com.clevertap.demo10;
				PRODUCT_NAME = "$(TARGET_NAME)";
				SWIFT_OBJC_BRIDGING_HEADER = "demo10/bridging-header.h";
				SWIFT_VERSION = 3.0;
			};
			name = Release;
		};
/* End XCBuildConfiguration section */

/* Begin XCConfigurationList section */
		52F236271D637AF50027E5C4 /* Build configuration list for PBXProject "demo10" */ = {
			isa = XCConfigurationList;
			buildConfigurations = (
				52F2363C1D637AF50027E5C4 /* Debug */,
				52F2363D1D637AF50027E5C4 /* Release */,
			);
			defaultConfigurationIsVisible = 0;
			defaultConfigurationName = Release;
		};
		52F2363E1D637AF50027E5C4 /* Build configuration list for PBXNativeTarget "demo10" */ = {
			isa = XCConfigurationList;
			buildConfigurations = (
				52F2363F1D637AF50027E5C4 /* Debug */,
				52F236401D637AF50027E5C4 /* Release */,
			);
			defaultConfigurationIsVisible = 0;
			defaultConfigurationName = Release;
		};
/* End XCConfigurationList section */
	};
	rootObject = 52F236241D637AF50027E5C4 /* Project object */;
}
