// !$*UTF8*$!
{
	archiveVersion = 1;
	classes = {
	};
	objectVersion = 46;
	objects = {

/* Begin PBXBuildFile section */
		27CA8FAAADB2C09B27B7CF5B /* Pods_NotificationService.framework in Frameworks */ = {isa = PBXBuildFile; fileRef = 44DA6E14F757561A0CF40D8A /* Pods_NotificationService.framework */; };
		523569D21D764D6B0082BE09 /* map.png in Resources */ = {isa = PBXBuildFile; fileRef = 523569D11D764D6B0082BE09 /* map.png */; };
		526197071D720160000705E5 /* SharedManager.h in Headers */ = {isa = PBXBuildFile; fileRef = 526197051D720160000705E5 /* SharedManager.h */; settings = {ATTRIBUTES = (Public, ); }; };
		5261970A1D720160000705E5 /* SharedManager.framework in Frameworks */ = {isa = PBXBuildFile; fileRef = 526197031D720160000705E5 /* SharedManager.framework */; };
		5261970B1D720160000705E5 /* SharedManager.framework in Embed Frameworks */ = {isa = PBXBuildFile; fileRef = 526197031D720160000705E5 /* SharedManager.framework */; settings = {ATTRIBUTES = (CodeSignOnCopy, RemoveHeadersOnCopy, ); }; };
		526197101D7202CD000705E5 /* SharedManager.swift in Sources */ = {isa = PBXBuildFile; fileRef = 5261970F1D7202CD000705E5 /* SharedManager.swift */; };
		526197111D7206E9000705E5 /* SharedManager.framework in Frameworks */ = {isa = PBXBuildFile; fileRef = 526197031D720160000705E5 /* SharedManager.framework */; };
		526197121D7206F1000705E5 /* SharedManager.framework in Frameworks */ = {isa = PBXBuildFile; fileRef = 526197031D720160000705E5 /* SharedManager.framework */; };
		526197131D7206F6000705E5 /* SharedManager.framework in Frameworks */ = {isa = PBXBuildFile; fileRef = 526197031D720160000705E5 /* SharedManager.framework */; };
		526197371D72902B000705E5 /* bugs.gif in Resources */ = {isa = PBXBuildFile; fileRef = 526197321D72902B000705E5 /* bugs.gif */; };
		526197381D72902B000705E5 /* logo.png in Resources */ = {isa = PBXBuildFile; fileRef = 526197331D72902B000705E5 /* logo.png */; };
		526197391D72902B000705E5 /* peeps.png in Resources */ = {isa = PBXBuildFile; fileRef = 526197341D72902B000705E5 /* peeps.png */; };
		5261973A1D72902B000705E5 /* sample.mp4 in Resources */ = {isa = PBXBuildFile; fileRef = 526197351D72902B000705E5 /* sample.mp4 */; };
		5261973B1D72902B000705E5 /* toys.gif in Resources */ = {isa = PBXBuildFile; fileRef = 526197361D72902B000705E5 /* toys.gif */; };
		5261973D1D72938E000705E5 /* sample.mp3 in Resources */ = {isa = PBXBuildFile; fileRef = 5261973C1D72938E000705E5 /* sample.mp3 */; };
		52B7F3D71D6B685C007DCFD4 /* ShareViewController.swift in Sources */ = {isa = PBXBuildFile; fileRef = 52B7F3D61D6B685C007DCFD4 /* ShareViewController.swift */; };
		52B7F3DA1D6B685C007DCFD4 /* MainInterface.storyboard in Resources */ = {isa = PBXBuildFile; fileRef = 52B7F3D81D6B685C007DCFD4 /* MainInterface.storyboard */; };
		52B7F3DE1D6B685C007DCFD4 /* ShareExtension.appex in Embed App Extensions */ = {isa = PBXBuildFile; fileRef = 52B7F3D41D6B685C007DCFD4 /* ShareExtension.appex */; settings = {ATTRIBUTES = (RemoveHeadersOnCopy, ); }; };
		52CFDD281D639FFA00945DA7 /* NotificationService.swift in Sources */ = {isa = PBXBuildFile; fileRef = 52CFDD241D639FE400945DA7 /* NotificationService.swift */; };
		52CFDD2F1D63A17100945DA7 /* UserNotifications.framework in Frameworks */ = {isa = PBXBuildFile; fileRef = 52CFDD2E1D63A17100945DA7 /* UserNotifications.framework */; };
		52CFDD311D63A17100945DA7 /* UserNotificationsUI.framework in Frameworks */ = {isa = PBXBuildFile; fileRef = 52CFDD301D63A17100945DA7 /* UserNotificationsUI.framework */; };
		52CFDD341D63A17100945DA7 /* NotificationViewController.swift in Sources */ = {isa = PBXBuildFile; fileRef = 52CFDD331D63A17100945DA7 /* NotificationViewController.swift */; };
		52CFDD371D63A17100945DA7 /* MainInterface.storyboard in Resources */ = {isa = PBXBuildFile; fileRef = 52CFDD351D63A17100945DA7 /* MainInterface.storyboard */; };
		52CFDD3B1D63A17100945DA7 /* NotificationContent.appex in Embed App Extensions */ = {isa = PBXBuildFile; fileRef = 52CFDD2D1D63A17100945DA7 /* NotificationContent.appex */; settings = {ATTRIBUTES = (RemoveHeadersOnCopy, ); }; };
		52F236301D637AF50027E5C4 /* AppDelegate.swift in Sources */ = {isa = PBXBuildFile; fileRef = 52F2362F1D637AF50027E5C4 /* AppDelegate.swift */; };
		52F236321D637AF50027E5C4 /* ViewController.swift in Sources */ = {isa = PBXBuildFile; fileRef = 52F236311D637AF50027E5C4 /* ViewController.swift */; };
		52F236351D637AF50027E5C4 /* Main.storyboard in Resources */ = {isa = PBXBuildFile; fileRef = 52F236331D637AF50027E5C4 /* Main.storyboard */; };
		52F236371D637AF50027E5C4 /* Assets.xcassets in Resources */ = {isa = PBXBuildFile; fileRef = 52F236361D637AF50027E5C4 /* Assets.xcassets */; };
		52F2363A1D637AF50027E5C4 /* LaunchScreen.storyboard in Resources */ = {isa = PBXBuildFile; fileRef = 52F236381D637AF50027E5C4 /* LaunchScreen.storyboard */; };
		52F2364E1D639C870027E5C4 /* NotificationService.appex in Embed App Extensions */ = {isa = PBXBuildFile; fileRef = 52F236471D639C870027E5C4 /* NotificationService.appex */; settings = {ATTRIBUTES = (RemoveHeadersOnCopy, ); }; };
		89A8369962F62F172FE2E492 /* Pods_NotificationContent.framework in Frameworks */ = {isa = PBXBuildFile; fileRef = DE3BF108CF94A60812DBB378 /* Pods_NotificationContent.framework */; };
		ACE7AD0E5ECCD5D2216C564D /* Pods_ShareExtension.framework in Frameworks */ = {isa = PBXBuildFile; fileRef = 350A556C63E24C7E36EAA90E /* Pods_ShareExtension.framework */; };
		E415763AFADAA1271790DFE6 /* Pods_demo10.framework in Frameworks */ = {isa = PBXBuildFile; fileRef = 65A237D79FD8451BF554AC2A /* Pods_demo10.framework */; };
/* End PBXBuildFile section */

/* Begin PBXContainerItemProxy section */
		526197081D720160000705E5 /* PBXContainerItemProxy */ = {
			isa = PBXContainerItemProxy;
			containerPortal = 52F236241D637AF50027E5C4 /* Project object */;
			proxyType = 1;
			remoteGlobalIDString = 526197021D720160000705E5;
			remoteInfo = SharedManager;
		};
		52B7F3DC1D6B685C007DCFD4 /* PBXContainerItemProxy */ = {
			isa = PBXContainerItemProxy;
			containerPortal = 52F236241D637AF50027E5C4 /* Project object */;
			proxyType = 1;
			remoteGlobalIDString = 52B7F3D31D6B685C007DCFD4;
			remoteInfo = ShareExtension;
		};
		52CFDD391D63A17100945DA7 /* PBXContainerItemProxy */ = {
			isa = PBXContainerItemProxy;
			containerPortal = 52F236241D637AF50027E5C4 /* Project object */;
			proxyType = 1;
			remoteGlobalIDString = 52CFDD2C1D63A17100945DA7;
			remoteInfo = NotificationContent;
		};
		52F2364C1D639C870027E5C4 /* PBXContainerItemProxy */ = {
			isa = PBXContainerItemProxy;
			containerPortal = 52F236241D637AF50027E5C4 /* Project object */;
			proxyType = 1;
			remoteGlobalIDString = 52F236461D639C870027E5C4;
			remoteInfo = ns;
		};
/* End PBXContainerItemProxy section */

/* Begin PBXCopyFilesBuildPhase section */
		526196FD1D71F809000705E5 /* Embed Frameworks */ = {
			isa = PBXCopyFilesBuildPhase;
			buildActionMask = 2147483647;
			dstPath = "";
			dstSubfolderSpec = 10;
			files = (
				5261970B1D720160000705E5 /* SharedManager.framework in Embed Frameworks */,
			);
			name = "Embed Frameworks";
			runOnlyForDeploymentPostprocessing = 0;
		};
		52F236521D639C870027E5C4 /* Embed App Extensions */ = {
			isa = PBXCopyFilesBuildPhase;
			buildActionMask = 2147483647;
			dstPath = "";
			dstSubfolderSpec = 13;
			files = (
				52B7F3DE1D6B685C007DCFD4 /* ShareExtension.appex in Embed App Extensions */,
				52F2364E1D639C870027E5C4 /* NotificationService.appex in Embed App Extensions */,
				52CFDD3B1D63A17100945DA7 /* NotificationContent.appex in Embed App Extensions */,
			);
			name = "Embed App Extensions";
			runOnlyForDeploymentPostprocessing = 0;
		};
/* End PBXCopyFilesBuildPhase section */

/* Begin PBXFileReference section */
		016BE03D12045C37DA6D341C /* Pods-ShareExtension.release.xcconfig */ = {isa = PBXFileReference; includeInIndex = 1; lastKnownFileType = text.xcconfig; name = "Pods-ShareExtension.release.xcconfig"; path = "Pods/Target Support Files/Pods-ShareExtension/Pods-ShareExtension.release.xcconfig"; sourceTree = "<group>"; };
		18A4092F132C16368A0E6587 /* Pods-demo10.debug.xcconfig */ = {isa = PBXFileReference; includeInIndex = 1; lastKnownFileType = text.xcconfig; name = "Pods-demo10.debug.xcconfig"; path = "Pods/Target Support Files/Pods-demo10/Pods-demo10.debug.xcconfig"; sourceTree = "<group>"; };
		350A556C63E24C7E36EAA90E /* Pods_ShareExtension.framework */ = {isa = PBXFileReference; explicitFileType = wrapper.framework; includeInIndex = 0; path = Pods_ShareExtension.framework; sourceTree = BUILT_PRODUCTS_DIR; };
		3BACB7D5F1139F0BD5BD6FE1 /* Pods-ShareExtension.debug.xcconfig */ = {isa = PBXFileReference; includeInIndex = 1; lastKnownFileType = text.xcconfig; name = "Pods-ShareExtension.debug.xcconfig"; path = "Pods/Target Support Files/Pods-ShareExtension/Pods-ShareExtension.debug.xcconfig"; sourceTree = "<group>"; };
		44DA6E14F757561A0CF40D8A /* Pods_NotificationService.framework */ = {isa = PBXFileReference; explicitFileType = wrapper.framework; includeInIndex = 0; path = Pods_NotificationService.framework; sourceTree = BUILT_PRODUCTS_DIR; };
		523569D11D764D6B0082BE09 /* map.png */ = {isa = PBXFileReference; lastKnownFileType = image.png; path = map.png; sourceTree = "<group>"; };
		526196E91D71F525000705E5 /* NotificationService.entitlements */ = {isa = PBXFileReference; lastKnownFileType = text.plist.entitlements; path = NotificationService.entitlements; sourceTree = "<group>"; };
		526196EA1D71F531000705E5 /* NotificationContent.entitlements */ = {isa = PBXFileReference; lastKnownFileType = text.plist.entitlements; path = NotificationContent.entitlements; sourceTree = "<group>"; };
		526196EB1D71F535000705E5 /* ShareExtension.entitlements */ = {isa = PBXFileReference; lastKnownFileType = text.plist.entitlements; path = ShareExtension.entitlements; sourceTree = "<group>"; };
		526197031D720160000705E5 /* SharedManager.framework */ = {isa = PBXFileReference; explicitFileType = wrapper.framework; includeInIndex = 0; path = SharedManager.framework; sourceTree = BUILT_PRODUCTS_DIR; };
		526197051D720160000705E5 /* SharedManager.h */ = {isa = PBXFileReference; lastKnownFileType = sourcecode.c.h; path = SharedManager.h; sourceTree = "<group>"; };
		526197061D720160000705E5 /* Info.plist */ = {isa = PBXFileReference; lastKnownFileType = text.plist.xml; path = Info.plist; sourceTree = "<group>"; };
		5261970F1D7202CD000705E5 /* SharedManager.swift */ = {isa = PBXFileReference; fileEncoding = 4; lastKnownFileType = sourcecode.swift; path = SharedManager.swift; sourceTree = "<group>"; };
		526197321D72902B000705E5 /* bugs.gif */ = {isa = PBXFileReference; lastKnownFileType = image.gif; path = bugs.gif; sourceTree = "<group>"; };
		526197331D72902B000705E5 /* logo.png */ = {isa = PBXFileReference; lastKnownFileType = image.png; path = logo.png; sourceTree = "<group>"; };
		526197341D72902B000705E5 /* peeps.png */ = {isa = PBXFileReference; lastKnownFileType = image.png; path = peeps.png; sourceTree = "<group>"; };
		526197351D72902B000705E5 /* sample.mp4 */ = {isa = PBXFileReference; lastKnownFileType = file; path = sample.mp4; sourceTree = "<group>"; };
		526197361D72902B000705E5 /* toys.gif */ = {isa = PBXFileReference; lastKnownFileType = image.gif; path = toys.gif; sourceTree = "<group>"; };
		5261973C1D72938E000705E5 /* sample.mp3 */ = {isa = PBXFileReference; lastKnownFileType = audio.mp3; path = sample.mp3; sourceTree = "<group>"; };
		52B7F3D41D6B685C007DCFD4 /* ShareExtension.appex */ = {isa = PBXFileReference; explicitFileType = "wrapper.app-extension"; includeInIndex = 0; path = ShareExtension.appex; sourceTree = BUILT_PRODUCTS_DIR; };
		52B7F3D61D6B685C007DCFD4 /* ShareViewController.swift */ = {isa = PBXFileReference; lastKnownFileType = sourcecode.swift; path = ShareViewController.swift; sourceTree = "<group>"; };
		52B7F3D91D6B685C007DCFD4 /* Base */ = {isa = PBXFileReference; lastKnownFileType = file.storyboard; name = Base; path = Base.lproj/MainInterface.storyboard; sourceTree = "<group>"; };
		52B7F3DB1D6B685C007DCFD4 /* Info.plist */ = {isa = PBXFileReference; lastKnownFileType = text.plist.xml; path = Info.plist; sourceTree = "<group>"; };
		52B7F3E21D6B9C96007DCFD4 /* extension-bridging-header.h */ = {isa = PBXFileReference; lastKnownFileType = sourcecode.c.h; path = "extension-bridging-header.h"; sourceTree = "<group>"; };
		52C91CDC1D6B605600218734 /* UIKit.framework */ = {isa = PBXFileReference; lastKnownFileType = wrapper.framework; name = UIKit.framework; path = System/Library/Frameworks/UIKit.framework; sourceTree = SDKROOT; };
		52C91CE11D6B61EA00218734 /* CoreGraphics.framework */ = {isa = PBXFileReference; lastKnownFileType = wrapper.framework; name = CoreGraphics.framework; path = System/Library/Frameworks/CoreGraphics.framework; sourceTree = SDKROOT; };
		52CFDD231D639FE400945DA7 /* Info.plist */ = {isa = PBXFileReference; fileEncoding = 4; lastKnownFileType = text.plist.xml; path = Info.plist; sourceTree = "<group>"; };
		52CFDD241D639FE400945DA7 /* NotificationService.swift */ = {isa = PBXFileReference; fileEncoding = 4; lastKnownFileType = sourcecode.swift; path = NotificationService.swift; sourceTree = "<group>"; };
		52CFDD2D1D63A17100945DA7 /* NotificationContent.appex */ = {isa = PBXFileReference; explicitFileType = "wrapper.app-extension"; includeInIndex = 0; path = NotificationContent.appex; sourceTree = BUILT_PRODUCTS_DIR; };
		52CFDD2E1D63A17100945DA7 /* UserNotifications.framework */ = {isa = PBXFileReference; lastKnownFileType = wrapper.framework; name = UserNotifications.framework; path = System/Library/Frameworks/UserNotifications.framework; sourceTree = SDKROOT; };
		52CFDD301D63A17100945DA7 /* UserNotificationsUI.framework */ = {isa = PBXFileReference; lastKnownFileType = wrapper.framework; name = UserNotificationsUI.framework; path = System/Library/Frameworks/UserNotificationsUI.framework; sourceTree = SDKROOT; };
		52CFDD331D63A17100945DA7 /* NotificationViewController.swift */ = {isa = PBXFileReference; lastKnownFileType = sourcecode.swift; path = NotificationViewController.swift; sourceTree = "<group>"; };
		52CFDD361D63A17100945DA7 /* Base */ = {isa = PBXFileReference; lastKnownFileType = file.storyboard; name = Base; path = Base.lproj/MainInterface.storyboard; sourceTree = "<group>"; };
		52CFDD381D63A17100945DA7 /* Info.plist */ = {isa = PBXFileReference; lastKnownFileType = text.plist.xml; path = Info.plist; sourceTree = "<group>"; };
		52F2362C1D637AF50027E5C4 /* demo10.app */ = {isa = PBXFileReference; explicitFileType = wrapper.application; includeInIndex = 0; path = demo10.app; sourceTree = BUILT_PRODUCTS_DIR; };
		52F2362F1D637AF50027E5C4 /* AppDelegate.swift */ = {isa = PBXFileReference; lastKnownFileType = sourcecode.swift; path = AppDelegate.swift; sourceTree = "<group>"; };
		52F236311D637AF50027E5C4 /* ViewController.swift */ = {isa = PBXFileReference; lastKnownFileType = sourcecode.swift; path = ViewController.swift; sourceTree = "<group>"; };
		52F236341D637AF50027E5C4 /* Base */ = {isa = PBXFileReference; lastKnownFileType = file.storyboard; name = Base; path = Base.lproj/Main.storyboard; sourceTree = "<group>"; };
		52F236361D637AF50027E5C4 /* Assets.xcassets */ = {isa = PBXFileReference; lastKnownFileType = folder.assetcatalog; path = Assets.xcassets; sourceTree = "<group>"; };
		52F236391D637AF50027E5C4 /* Base */ = {isa = PBXFileReference; lastKnownFileType = file.storyboard; name = Base; path = Base.lproj/LaunchScreen.storyboard; sourceTree = "<group>"; };
		52F2363B1D637AF50027E5C4 /* Info.plist */ = {isa = PBXFileReference; lastKnownFileType = text.plist.xml; path = Info.plist; sourceTree = "<group>"; };
		52F236411D637C850027E5C4 /* bridging-header.h */ = {isa = PBXFileReference; fileEncoding = 4; lastKnownFileType = sourcecode.c.h; path = "bridging-header.h"; sourceTree = "<group>"; };
		52F236421D6380FB0027E5C4 /* demo10.entitlements */ = {isa = PBXFileReference; lastKnownFileType = text.plist.entitlements; path = demo10.entitlements; sourceTree = "<group>"; };
		52F236471D639C870027E5C4 /* NotificationService.appex */ = {isa = PBXFileReference; explicitFileType = "wrapper.app-extension"; includeInIndex = 0; path = NotificationService.appex; sourceTree = BUILT_PRODUCTS_DIR; };
		5690295DA251575FF4A2F1AE /* Pods-NotificationService.debug.xcconfig */ = {isa = PBXFileReference; includeInIndex = 1; lastKnownFileType = text.xcconfig; name = "Pods-NotificationService.debug.xcconfig"; path = "Pods/Target Support Files/Pods-NotificationService/Pods-NotificationService.debug.xcconfig"; sourceTree = "<group>"; };
		5A5BC5F6AA9D6B5844500127 /* Pods-NotificationService.release.xcconfig */ = {isa = PBXFileReference; includeInIndex = 1; lastKnownFileType = text.xcconfig; name = "Pods-NotificationService.release.xcconfig"; path = "Pods/Target Support Files/Pods-NotificationService/Pods-NotificationService.release.xcconfig"; sourceTree = "<group>"; };
		65A237D79FD8451BF554AC2A /* Pods_demo10.framework */ = {isa = PBXFileReference; explicitFileType = wrapper.framework; includeInIndex = 0; path = Pods_demo10.framework; sourceTree = BUILT_PRODUCTS_DIR; };
		9DCB25DD8145893DB2671DA5 /* Pods-demo10.release.xcconfig */ = {isa = PBXFileReference; includeInIndex = 1; lastKnownFileType = text.xcconfig; name = "Pods-demo10.release.xcconfig"; path = "Pods/Target Support Files/Pods-demo10/Pods-demo10.release.xcconfig"; sourceTree = "<group>"; };
		B31DF93D6CBC185E424B055D /* Pods-NotificationContent.debug.xcconfig */ = {isa = PBXFileReference; includeInIndex = 1; lastKnownFileType = text.xcconfig; name = "Pods-NotificationContent.debug.xcconfig"; path = "Pods/Target Support Files/Pods-NotificationContent/Pods-NotificationContent.debug.xcconfig"; sourceTree = "<group>"; };
		DE3BF108CF94A60812DBB378 /* Pods_NotificationContent.framework */ = {isa = PBXFileReference; explicitFileType = wrapper.framework; includeInIndex = 0; path = Pods_NotificationContent.framework; sourceTree = BUILT_PRODUCTS_DIR; };
		FAF148D262F7C4BE48DB4EDF /* Pods-NotificationContent.release.xcconfig */ = {isa = PBXFileReference; includeInIndex = 1; lastKnownFileType = text.xcconfig; name = "Pods-NotificationContent.release.xcconfig"; path = "Pods/Target Support Files/Pods-NotificationContent/Pods-NotificationContent.release.xcconfig"; sourceTree = "<group>"; };
/* End PBXFileReference section */

/* Begin PBXFrameworksBuildPhase section */
		526196FF1D720160000705E5 /* Frameworks */ = {
			isa = PBXFrameworksBuildPhase;
			buildActionMask = 2147483647;
			files = (
			);
			runOnlyForDeploymentPostprocessing = 0;
		};
		52B7F3D11D6B685C007DCFD4 /* Frameworks */ = {
			isa = PBXFrameworksBuildPhase;
			buildActionMask = 2147483647;
			files = (
				526197131D7206F6000705E5 /* SharedManager.framework in Frameworks */,
				ACE7AD0E5ECCD5D2216C564D /* Pods_ShareExtension.framework in Frameworks */,
			);
			runOnlyForDeploymentPostprocessing = 0;
		};
		52CFDD2A1D63A17100945DA7 /* Frameworks */ = {
			isa = PBXFrameworksBuildPhase;
			buildActionMask = 2147483647;
			files = (
				526197121D7206F1000705E5 /* SharedManager.framework in Frameworks */,
				52CFDD311D63A17100945DA7 /* UserNotificationsUI.framework in Frameworks */,
				52CFDD2F1D63A17100945DA7 /* UserNotifications.framework in Frameworks */,
				89A8369962F62F172FE2E492 /* Pods_NotificationContent.framework in Frameworks */,
			);
			runOnlyForDeploymentPostprocessing = 0;
		};
		52F236291D637AF50027E5C4 /* Frameworks */ = {
			isa = PBXFrameworksBuildPhase;
			buildActionMask = 2147483647;
			files = (
				5261970A1D720160000705E5 /* SharedManager.framework in Frameworks */,
				E415763AFADAA1271790DFE6 /* Pods_demo10.framework in Frameworks */,
			);
			runOnlyForDeploymentPostprocessing = 0;
		};
		52F236441D639C870027E5C4 /* Frameworks */ = {
			isa = PBXFrameworksBuildPhase;
			buildActionMask = 2147483647;
			files = (
				526197111D7206E9000705E5 /* SharedManager.framework in Frameworks */,
				27CA8FAAADB2C09B27B7CF5B /* Pods_NotificationService.framework in Frameworks */,
			);
			runOnlyForDeploymentPostprocessing = 0;
		};
/* End PBXFrameworksBuildPhase section */

/* Begin PBXGroup section */
		526197041D720160000705E5 /* SharedManager */ = {
			isa = PBXGroup;
			children = (
				526197051D720160000705E5 /* SharedManager.h */,
				5261970F1D7202CD000705E5 /* SharedManager.swift */,
				526197061D720160000705E5 /* Info.plist */,
				526197311D72902B000705E5 /* assets */,
			);
			path = SharedManager;
			sourceTree = "<group>";
		};
		526197311D72902B000705E5 /* assets */ = {
			isa = PBXGroup;
			children = (
				523569D11D764D6B0082BE09 /* map.png */,
				5261973C1D72938E000705E5 /* sample.mp3 */,
				526197321D72902B000705E5 /* bugs.gif */,
				526197331D72902B000705E5 /* logo.png */,
				526197341D72902B000705E5 /* peeps.png */,
				526197351D72902B000705E5 /* sample.mp4 */,
				526197361D72902B000705E5 /* toys.gif */,
			);
			path = assets;
			sourceTree = "<group>";
		};
		52B7F3D51D6B685C007DCFD4 /* ShareExtension */ = {
			isa = PBXGroup;
			children = (
				526196EB1D71F535000705E5 /* ShareExtension.entitlements */,
				52B7F3D61D6B685C007DCFD4 /* ShareViewController.swift */,
				52B7F3D81D6B685C007DCFD4 /* MainInterface.storyboard */,
				52B7F3DB1D6B685C007DCFD4 /* Info.plist */,
			);
			path = ShareExtension;
			sourceTree = "<group>";
		};
		52CFDD221D639FE400945DA7 /* NotificationService */ = {
			isa = PBXGroup;
			children = (
				526196E91D71F525000705E5 /* NotificationService.entitlements */,
				52CFDD241D639FE400945DA7 /* NotificationService.swift */,
				52CFDD231D639FE400945DA7 /* Info.plist */,
			);
			path = NotificationService;
			sourceTree = "<group>";
		};
		52CFDD321D63A17100945DA7 /* NotificationContent */ = {
			isa = PBXGroup;
			children = (
				526196EA1D71F531000705E5 /* NotificationContent.entitlements */,
				52CFDD331D63A17100945DA7 /* NotificationViewController.swift */,
				52CFDD351D63A17100945DA7 /* MainInterface.storyboard */,
				52CFDD381D63A17100945DA7 /* Info.plist */,
			);
			path = NotificationContent;
			sourceTree = "<group>";
		};
		52F236231D637AF50027E5C4 = {
			isa = PBXGroup;
			children = (
				52F2362E1D637AF50027E5C4 /* demo10 */,
				52CFDD221D639FE400945DA7 /* NotificationService */,
				52CFDD321D63A17100945DA7 /* NotificationContent */,
				52B7F3D51D6B685C007DCFD4 /* ShareExtension */,
				526197041D720160000705E5 /* SharedManager */,
				52F2362D1D637AF50027E5C4 /* Products */,
				85A323C5B10A46668C8E84C5 /* Pods */,
				B252101F7B12716B0F4F8680 /* Frameworks */,
			);
			sourceTree = "<group>";
		};
		52F2362D1D637AF50027E5C4 /* Products */ = {
			isa = PBXGroup;
			children = (
				52F2362C1D637AF50027E5C4 /* demo10.app */,
				52F236471D639C870027E5C4 /* NotificationService.appex */,
				52CFDD2D1D63A17100945DA7 /* NotificationContent.appex */,
				52B7F3D41D6B685C007DCFD4 /* ShareExtension.appex */,
				526197031D720160000705E5 /* SharedManager.framework */,
			);
			name = Products;
			sourceTree = "<group>";
		};
		52F2362E1D637AF50027E5C4 /* demo10 */ = {
			isa = PBXGroup;
			children = (
				52F236421D6380FB0027E5C4 /* demo10.entitlements */,
				52F236411D637C850027E5C4 /* bridging-header.h */,
				52B7F3E21D6B9C96007DCFD4 /* extension-bridging-header.h */,
				52F2362F1D637AF50027E5C4 /* AppDelegate.swift */,
				52F236311D637AF50027E5C4 /* ViewController.swift */,
				52F236331D637AF50027E5C4 /* Main.storyboard */,
				52F236361D637AF50027E5C4 /* Assets.xcassets */,
				52F236381D637AF50027E5C4 /* LaunchScreen.storyboard */,
				52F2363B1D637AF50027E5C4 /* Info.plist */,
			);
			path = demo10;
			sourceTree = "<group>";
		};
		85A323C5B10A46668C8E84C5 /* Pods */ = {
			isa = PBXGroup;
			children = (
				18A4092F132C16368A0E6587 /* Pods-demo10.debug.xcconfig */,
				9DCB25DD8145893DB2671DA5 /* Pods-demo10.release.xcconfig */,
				B31DF93D6CBC185E424B055D /* Pods-NotificationContent.debug.xcconfig */,
				FAF148D262F7C4BE48DB4EDF /* Pods-NotificationContent.release.xcconfig */,
				5690295DA251575FF4A2F1AE /* Pods-NotificationService.debug.xcconfig */,
				5A5BC5F6AA9D6B5844500127 /* Pods-NotificationService.release.xcconfig */,
				3BACB7D5F1139F0BD5BD6FE1 /* Pods-ShareExtension.debug.xcconfig */,
				016BE03D12045C37DA6D341C /* Pods-ShareExtension.release.xcconfig */,
			);
			name = Pods;
			sourceTree = "<group>";
		};
		B252101F7B12716B0F4F8680 /* Frameworks */ = {
			isa = PBXGroup;
			children = (
				52C91CE11D6B61EA00218734 /* CoreGraphics.framework */,
				52C91CDC1D6B605600218734 /* UIKit.framework */,
				52CFDD2E1D63A17100945DA7 /* UserNotifications.framework */,
				52CFDD301D63A17100945DA7 /* UserNotificationsUI.framework */,
				DE3BF108CF94A60812DBB378 /* Pods_NotificationContent.framework */,
				44DA6E14F757561A0CF40D8A /* Pods_NotificationService.framework */,
				350A556C63E24C7E36EAA90E /* Pods_ShareExtension.framework */,
				65A237D79FD8451BF554AC2A /* Pods_demo10.framework */,
			);
			name = Frameworks;
			sourceTree = "<group>";
		};
/* End PBXGroup section */

/* Begin PBXHeadersBuildPhase section */
		526197001D720160000705E5 /* Headers */ = {
			isa = PBXHeadersBuildPhase;
			buildActionMask = 2147483647;
			files = (
				526197071D720160000705E5 /* SharedManager.h in Headers */,
			);
			runOnlyForDeploymentPostprocessing = 0;
		};
/* End PBXHeadersBuildPhase section */

/* Begin PBXNativeTarget section */
		526197021D720160000705E5 /* SharedManager */ = {
			isa = PBXNativeTarget;
			buildConfigurationList = 5261970C1D720160000705E5 /* Build configuration list for PBXNativeTarget "SharedManager" */;
			buildPhases = (
				526196FE1D720160000705E5 /* Sources */,
				526196FF1D720160000705E5 /* Frameworks */,
				526197001D720160000705E5 /* Headers */,
				526197011D720160000705E5 /* Resources */,
			);
			buildRules = (
			);
			dependencies = (
			);
			name = SharedManager;
			productName = SharedManager;
			productReference = 526197031D720160000705E5 /* SharedManager.framework */;
			productType = "com.apple.product-type.framework";
		};
		52B7F3D31D6B685C007DCFD4 /* ShareExtension */ = {
			isa = PBXNativeTarget;
			buildConfigurationList = 52B7F3E11D6B685C007DCFD4 /* Build configuration list for PBXNativeTarget "ShareExtension" */;
			buildPhases = (
				B483A22BC315EBB763C25A63 /* [CP] Check Pods Manifest.lock */,
				52B7F3D01D6B685C007DCFD4 /* Sources */,
				52B7F3D11D6B685C007DCFD4 /* Frameworks */,
				52B7F3D21D6B685C007DCFD4 /* Resources */,
				B08A5D988BF50D33F0C741EA /* [CP] Embed Pods Frameworks */,
				3034CF7DEFB1658C8783405C /* [CP] Copy Pods Resources */,
			);
			buildRules = (
			);
			dependencies = (
			);
			name = ShareExtension;
			productName = ShareExtension;
			productReference = 52B7F3D41D6B685C007DCFD4 /* ShareExtension.appex */;
			productType = "com.apple.product-type.app-extension";
		};
		52CFDD2C1D63A17100945DA7 /* NotificationContent */ = {
			isa = PBXNativeTarget;
			buildConfigurationList = 52CFDD3C1D63A17100945DA7 /* Build configuration list for PBXNativeTarget "NotificationContent" */;
			buildPhases = (
				C1C29A9FDDF7CC9A23672F72 /* [CP] Check Pods Manifest.lock */,
				52CFDD291D63A17100945DA7 /* Sources */,
				52CFDD2A1D63A17100945DA7 /* Frameworks */,
				52CFDD2B1D63A17100945DA7 /* Resources */,
				9E998A41D369226D705CA2FC /* [CP] Embed Pods Frameworks */,
				48F4F5A5D8A212CFDEF83948 /* [CP] Copy Pods Resources */,
			);
			buildRules = (
			);
			dependencies = (
			);
			name = NotificationContent;
			productName = NotificationContent;
			productReference = 52CFDD2D1D63A17100945DA7 /* NotificationContent.appex */;
			productType = "com.apple.product-type.app-extension";
		};
		52F2362B1D637AF50027E5C4 /* demo10 */ = {
			isa = PBXNativeTarget;
			buildConfigurationList = 52F2363E1D637AF50027E5C4 /* Build configuration list for PBXNativeTarget "demo10" */;
			buildPhases = (
				C6181FEBB991D35E3ADDE4DF /* [CP] Check Pods Manifest.lock */,
				52F236281D637AF50027E5C4 /* Sources */,
				52F236291D637AF50027E5C4 /* Frameworks */,
				52F2362A1D637AF50027E5C4 /* Resources */,
				7C787A0FB64956FA50CBB8AB /* [CP] Embed Pods Frameworks */,
				7E848A09805792C689F7C31D /* [CP] Copy Pods Resources */,
				52F236521D639C870027E5C4 /* Embed App Extensions */,
				526196FD1D71F809000705E5 /* Embed Frameworks */,
			);
			buildRules = (
			);
			dependencies = (
				52F2364D1D639C870027E5C4 /* PBXTargetDependency */,
				52CFDD3A1D63A17100945DA7 /* PBXTargetDependency */,
				52B7F3DD1D6B685C007DCFD4 /* PBXTargetDependency */,
				526197091D720160000705E5 /* PBXTargetDependency */,
			);
			name = demo10;
			productName = demo10;
			productReference = 52F2362C1D637AF50027E5C4 /* demo10.app */;
			productType = "com.apple.product-type.application";
		};
		52F236461D639C870027E5C4 /* NotificationService */ = {
			isa = PBXNativeTarget;
			buildConfigurationList = 52F2364F1D639C870027E5C4 /* Build configuration list for PBXNativeTarget "NotificationService" */;
			buildPhases = (
				DFDC6179D94D4B0314B84224 /* [CP] Check Pods Manifest.lock */,
				52F236431D639C870027E5C4 /* Sources */,
				52F236441D639C870027E5C4 /* Frameworks */,
				52F236451D639C870027E5C4 /* Resources */,
				065F6BDB9464FCD9EFABD7B8 /* [CP] Embed Pods Frameworks */,
				328B88EA0536891B2792B1B9 /* [CP] Copy Pods Resources */,
			);
			buildRules = (
			);
			dependencies = (
			);
			name = NotificationService;
			productName = ns;
			productReference = 52F236471D639C870027E5C4 /* NotificationService.appex */;
			productType = "com.apple.product-type.app-extension";
		};
/* End PBXNativeTarget section */

/* Begin PBXProject section */
		52F236241D637AF50027E5C4 /* Project object */ = {
			isa = PBXProject;
			attributes = {
				LastSwiftUpdateCheck = 0800;
				LastUpgradeCheck = 0800;
				ORGANIZATIONNAME = CleverTap;
				TargetAttributes = {
					526197021D720160000705E5 = {
						CreatedOnToolsVersion = 8.0;
						DevelopmentTeam = A5J34NR598;
						LastSwiftMigration = 0800;
						ProvisioningStyle = Automatic;
					};
					52B7F3D31D6B685C007DCFD4 = {
						CreatedOnToolsVersion = 8.0;
						DevelopmentTeam = A5J34NR598;
						LastSwiftMigration = 0800;
						ProvisioningStyle = Automatic;
						SystemCapabilities = {
							com.apple.ApplicationGroups.iOS = {
								enabled = 1;
							};
						};
					};
					52CFDD2C1D63A17100945DA7 = {
						CreatedOnToolsVersion = 8.0;
						DevelopmentTeam = A5J34NR598;
						LastSwiftMigration = 0800;
						ProvisioningStyle = Automatic;
						SystemCapabilities = {
							com.apple.ApplicationGroups.iOS = {
								enabled = 1;
							};
						};
					};
					52F2362B1D637AF50027E5C4 = {
						CreatedOnToolsVersion = 8.0;
						DevelopmentTeam = A5J34NR598;
						LastSwiftMigration = 0800;
						ProvisioningStyle = Automatic;
						SystemCapabilities = {
							com.apple.ApplicationGroups.iOS = {
								enabled = 1;
							};
							com.apple.BackgroundModes = {
								enabled = 1;
							};
							com.apple.Push = {
								enabled = 1;
							};
						};
					};
					52F236461D639C870027E5C4 = {
						CreatedOnToolsVersion = 8.0;
						DevelopmentTeam = A5J34NR598;
						LastSwiftMigration = 0800;
						ProvisioningStyle = Automatic;
						SystemCapabilities = {
							com.apple.ApplicationGroups.iOS = {
								enabled = 1;
							};
						};
					};
				};
			};
			buildConfigurationList = 52F236271D637AF50027E5C4 /* Build configuration list for PBXProject "demo10" */;
			compatibilityVersion = "Xcode 3.2";
			developmentRegion = English;
			hasScannedForEncodings = 0;
			knownRegions = (
				en,
				Base,
			);
			mainGroup = 52F236231D637AF50027E5C4;
			productRefGroup = 52F2362D1D637AF50027E5C4 /* Products */;
			projectDirPath = "";
			projectRoot = "";
			targets = (
				52F2362B1D637AF50027E5C4 /* demo10 */,
				52F236461D639C870027E5C4 /* NotificationService */,
				52CFDD2C1D63A17100945DA7 /* NotificationContent */,
				52B7F3D31D6B685C007DCFD4 /* ShareExtension */,
				526197021D720160000705E5 /* SharedManager */,
			);
		};
/* End PBXProject section */

/* Begin PBXResourcesBuildPhase section */
		526197011D720160000705E5 /* Resources */ = {
			isa = PBXResourcesBuildPhase;
			buildActionMask = 2147483647;
			files = (
				526197381D72902B000705E5 /* logo.png in Resources */,
				526197371D72902B000705E5 /* bugs.gif in Resources */,
				5261973D1D72938E000705E5 /* sample.mp3 in Resources */,
				5261973B1D72902B000705E5 /* toys.gif in Resources */,
				523569D21D764D6B0082BE09 /* map.png in Resources */,
				526197391D72902B000705E5 /* peeps.png in Resources */,
				5261973A1D72902B000705E5 /* sample.mp4 in Resources */,
			);
			runOnlyForDeploymentPostprocessing = 0;
		};
		52B7F3D21D6B685C007DCFD4 /* Resources */ = {
			isa = PBXResourcesBuildPhase;
			buildActionMask = 2147483647;
			files = (
				52B7F3DA1D6B685C007DCFD4 /* MainInterface.storyboard in Resources */,
			);
			runOnlyForDeploymentPostprocessing = 0;
		};
		52CFDD2B1D63A17100945DA7 /* Resources */ = {
			isa = PBXResourcesBuildPhase;
			buildActionMask = 2147483647;
			files = (
				52CFDD371D63A17100945DA7 /* MainInterface.storyboard in Resources */,
			);
			runOnlyForDeploymentPostprocessing = 0;
		};
		52F2362A1D637AF50027E5C4 /* Resources */ = {
			isa = PBXResourcesBuildPhase;
			buildActionMask = 2147483647;
			files = (
				52F2363A1D637AF50027E5C4 /* LaunchScreen.storyboard in Resources */,
				52F236371D637AF50027E5C4 /* Assets.xcassets in Resources */,
				52F236351D637AF50027E5C4 /* Main.storyboard in Resources */,
			);
			runOnlyForDeploymentPostprocessing = 0;
		};
		52F236451D639C870027E5C4 /* Resources */ = {
			isa = PBXResourcesBuildPhase;
			buildActionMask = 2147483647;
			files = (
			);
			runOnlyForDeploymentPostprocessing = 0;
		};
/* End PBXResourcesBuildPhase section */

/* Begin PBXShellScriptBuildPhase section */
		065F6BDB9464FCD9EFABD7B8 /* [CP] Embed Pods Frameworks */ = {
			isa = PBXShellScriptBuildPhase;
			buildActionMask = 2147483647;
			files = (
			);
			inputPaths = (
			);
			name = "[CP] Embed Pods Frameworks";
			outputPaths = (
			);
			runOnlyForDeploymentPostprocessing = 0;
			shellPath = /bin/sh;
			shellScript = "\"${SRCROOT}/Pods/Target Support Files/Pods-NotificationService/Pods-NotificationService-frameworks.sh\"\n";
			showEnvVarsInLog = 0;
		};
		3034CF7DEFB1658C8783405C /* [CP] Copy Pods Resources */ = {
			isa = PBXShellScriptBuildPhase;
			buildActionMask = 2147483647;
			files = (
			);
			inputPaths = (
			);
			name = "[CP] Copy Pods Resources";
			outputPaths = (
			);
			runOnlyForDeploymentPostprocessing = 0;
			shellPath = /bin/sh;
			shellScript = "\"${SRCROOT}/Pods/Target Support Files/Pods-ShareExtension/Pods-ShareExtension-resources.sh\"\n";
			showEnvVarsInLog = 0;
		};
		328B88EA0536891B2792B1B9 /* [CP] Copy Pods Resources */ = {
			isa = PBXShellScriptBuildPhase;
			buildActionMask = 2147483647;
			files = (
			);
			inputPaths = (
			);
			name = "[CP] Copy Pods Resources";
			outputPaths = (
			);
			runOnlyForDeploymentPostprocessing = 0;
			shellPath = /bin/sh;
			shellScript = "\"${SRCROOT}/Pods/Target Support Files/Pods-NotificationService/Pods-NotificationService-resources.sh\"\n";
			showEnvVarsInLog = 0;
		};
		48F4F5A5D8A212CFDEF83948 /* [CP] Copy Pods Resources */ = {
			isa = PBXShellScriptBuildPhase;
			buildActionMask = 2147483647;
			files = (
			);
			inputPaths = (
			);
			name = "[CP] Copy Pods Resources";
			outputPaths = (
			);
			runOnlyForDeploymentPostprocessing = 0;
			shellPath = /bin/sh;
			shellScript = "\"${SRCROOT}/Pods/Target Support Files/Pods-NotificationContent/Pods-NotificationContent-resources.sh\"\n";
			showEnvVarsInLog = 0;
		};
		7C787A0FB64956FA50CBB8AB /* [CP] Embed Pods Frameworks */ = {
			isa = PBXShellScriptBuildPhase;
			buildActionMask = 2147483647;
			files = (
			);
			inputPaths = (
			);
			name = "[CP] Embed Pods Frameworks";
			outputPaths = (
			);
			runOnlyForDeploymentPostprocessing = 0;
			shellPath = /bin/sh;
			shellScript = "\"${SRCROOT}/Pods/Target Support Files/Pods-demo10/Pods-demo10-frameworks.sh\"\n";
			showEnvVarsInLog = 0;
		};
		7E848A09805792C689F7C31D /* [CP] Copy Pods Resources */ = {
			isa = PBXShellScriptBuildPhase;
			buildActionMask = 2147483647;
			files = (
			);
			inputPaths = (
			);
			name = "[CP] Copy Pods Resources";
			outputPaths = (
			);
			runOnlyForDeploymentPostprocessing = 0;
			shellPath = /bin/sh;
			shellScript = "\"${SRCROOT}/Pods/Target Support Files/Pods-demo10/Pods-demo10-resources.sh\"\n";
			showEnvVarsInLog = 0;
		};
		9E998A41D369226D705CA2FC /* [CP] Embed Pods Frameworks */ = {
			isa = PBXShellScriptBuildPhase;
			buildActionMask = 2147483647;
			files = (
			);
			inputPaths = (
			);
			name = "[CP] Embed Pods Frameworks";
			outputPaths = (
			);
			runOnlyForDeploymentPostprocessing = 0;
			shellPath = /bin/sh;
			shellScript = "\"${SRCROOT}/Pods/Target Support Files/Pods-NotificationContent/Pods-NotificationContent-frameworks.sh\"\n";
			showEnvVarsInLog = 0;
		};
		B08A5D988BF50D33F0C741EA /* [CP] Embed Pods Frameworks */ = {
			isa = PBXShellScriptBuildPhase;
			buildActionMask = 2147483647;
			files = (
			);
			inputPaths = (
			);
			name = "[CP] Embed Pods Frameworks";
			outputPaths = (
			);
			runOnlyForDeploymentPostprocessing = 0;
			shellPath = /bin/sh;
			shellScript = "\"${SRCROOT}/Pods/Target Support Files/Pods-ShareExtension/Pods-ShareExtension-frameworks.sh\"\n";
			showEnvVarsInLog = 0;
		};
		B483A22BC315EBB763C25A63 /* [CP] Check Pods Manifest.lock */ = {
			isa = PBXShellScriptBuildPhase;
			buildActionMask = 2147483647;
			files = (
			);
			inputPaths = (
			);
			name = "[CP] Check Pods Manifest.lock";
			outputPaths = (
			);
			runOnlyForDeploymentPostprocessing = 0;
			shellPath = /bin/sh;
			shellScript = "diff \"${PODS_ROOT}/../Podfile.lock\" \"${PODS_ROOT}/Manifest.lock\" > /dev/null\nif [[ $? != 0 ]] ; then\n    cat << EOM\nerror: The sandbox is not in sync with the Podfile.lock. Run 'pod install' or update your CocoaPods installation.\nEOM\n    exit 1\nfi\n";
			showEnvVarsInLog = 0;
		};
		C1C29A9FDDF7CC9A23672F72 /* [CP] Check Pods Manifest.lock */ = {
			isa = PBXShellScriptBuildPhase;
			buildActionMask = 2147483647;
			files = (
			);
			inputPaths = (
			);
			name = "[CP] Check Pods Manifest.lock";
			outputPaths = (
			);
			runOnlyForDeploymentPostprocessing = 0;
			shellPath = /bin/sh;
			shellScript = "diff \"${PODS_ROOT}/../Podfile.lock\" \"${PODS_ROOT}/Manifest.lock\" > /dev/null\nif [[ $? != 0 ]] ; then\n    cat << EOM\nerror: The sandbox is not in sync with the Podfile.lock. Run 'pod install' or update your CocoaPods installation.\nEOM\n    exit 1\nfi\n";
			showEnvVarsInLog = 0;
		};
		C6181FEBB991D35E3ADDE4DF /* [CP] Check Pods Manifest.lock */ = {
			isa = PBXShellScriptBuildPhase;
			buildActionMask = 2147483647;
			files = (
			);
			inputPaths = (
			);
			name = "[CP] Check Pods Manifest.lock";
			outputPaths = (
			);
			runOnlyForDeploymentPostprocessing = 0;
			shellPath = /bin/sh;
			shellScript = "diff \"${PODS_ROOT}/../Podfile.lock\" \"${PODS_ROOT}/Manifest.lock\" > /dev/null\nif [[ $? != 0 ]] ; then\n    cat << EOM\nerror: The sandbox is not in sync with the Podfile.lock. Run 'pod install' or update your CocoaPods installation.\nEOM\n    exit 1\nfi\n";
			showEnvVarsInLog = 0;
		};
		DFDC6179D94D4B0314B84224 /* [CP] Check Pods Manifest.lock */ = {
			isa = PBXShellScriptBuildPhase;
			buildActionMask = 2147483647;
			files = (
			);
			inputPaths = (
			);
			name = "[CP] Check Pods Manifest.lock";
			outputPaths = (
			);
			runOnlyForDeploymentPostprocessing = 0;
			shellPath = /bin/sh;
			shellScript = "diff \"${PODS_ROOT}/../Podfile.lock\" \"${PODS_ROOT}/Manifest.lock\" > /dev/null\nif [[ $? != 0 ]] ; then\n    cat << EOM\nerror: The sandbox is not in sync with the Podfile.lock. Run 'pod install' or update your CocoaPods installation.\nEOM\n    exit 1\nfi\n";
			showEnvVarsInLog = 0;
		};
/* End PBXShellScriptBuildPhase section */

/* Begin PBXSourcesBuildPhase section */
		526196FE1D720160000705E5 /* Sources */ = {
			isa = PBXSourcesBuildPhase;
			buildActionMask = 2147483647;
			files = (
				526197101D7202CD000705E5 /* SharedManager.swift in Sources */,
			);
			runOnlyForDeploymentPostprocessing = 0;
		};
		52B7F3D01D6B685C007DCFD4 /* Sources */ = {
			isa = PBXSourcesBuildPhase;
			buildActionMask = 2147483647;
			files = (
				52B7F3D71D6B685C007DCFD4 /* ShareViewController.swift in Sources */,
			);
			runOnlyForDeploymentPostprocessing = 0;
		};
		52CFDD291D63A17100945DA7 /* Sources */ = {
			isa = PBXSourcesBuildPhase;
			buildActionMask = 2147483647;
			files = (
				52CFDD341D63A17100945DA7 /* NotificationViewController.swift in Sources */,
			);
			runOnlyForDeploymentPostprocessing = 0;
		};
		52F236281D637AF50027E5C4 /* Sources */ = {
			isa = PBXSourcesBuildPhase;
			buildActionMask = 2147483647;
			files = (
				52F236321D637AF50027E5C4 /* ViewController.swift in Sources */,
				52F236301D637AF50027E5C4 /* AppDelegate.swift in Sources */,
			);
			runOnlyForDeploymentPostprocessing = 0;
		};
		52F236431D639C870027E5C4 /* Sources */ = {
			isa = PBXSourcesBuildPhase;
			buildActionMask = 2147483647;
			files = (
				52CFDD281D639FFA00945DA7 /* NotificationService.swift in Sources */,
			);
			runOnlyForDeploymentPostprocessing = 0;
		};
/* End PBXSourcesBuildPhase section */

/* Begin PBXTargetDependency section */
		526197091D720160000705E5 /* PBXTargetDependency */ = {
			isa = PBXTargetDependency;
			target = 526197021D720160000705E5 /* SharedManager */;
			targetProxy = 526197081D720160000705E5 /* PBXContainerItemProxy */;
		};
		52B7F3DD1D6B685C007DCFD4 /* PBXTargetDependency */ = {
			isa = PBXTargetDependency;
			target = 52B7F3D31D6B685C007DCFD4 /* ShareExtension */;
			targetProxy = 52B7F3DC1D6B685C007DCFD4 /* PBXContainerItemProxy */;
		};
		52CFDD3A1D63A17100945DA7 /* PBXTargetDependency */ = {
			isa = PBXTargetDependency;
			target = 52CFDD2C1D63A17100945DA7 /* NotificationContent */;
			targetProxy = 52CFDD391D63A17100945DA7 /* PBXContainerItemProxy */;
		};
		52F2364D1D639C870027E5C4 /* PBXTargetDependency */ = {
			isa = PBXTargetDependency;
			target = 52F236461D639C870027E5C4 /* NotificationService */;
			targetProxy = 52F2364C1D639C870027E5C4 /* PBXContainerItemProxy */;
		};
/* End PBXTargetDependency section */

/* Begin PBXVariantGroup section */
		52B7F3D81D6B685C007DCFD4 /* MainInterface.storyboard */ = {
			isa = PBXVariantGroup;
			children = (
				52B7F3D91D6B685C007DCFD4 /* Base */,
			);
			name = MainInterface.storyboard;
			sourceTree = "<group>";
		};
		52CFDD351D63A17100945DA7 /* MainInterface.storyboard */ = {
			isa = PBXVariantGroup;
			children = (
				52CFDD361D63A17100945DA7 /* Base */,
			);
			name = MainInterface.storyboard;
			sourceTree = "<group>";
		};
		52F236331D637AF50027E5C4 /* Main.storyboard */ = {
			isa = PBXVariantGroup;
			children = (
				52F236341D637AF50027E5C4 /* Base */,
			);
			name = Main.storyboard;
			sourceTree = "<group>";
		};
		52F236381D637AF50027E5C4 /* LaunchScreen.storyboard */ = {
			isa = PBXVariantGroup;
			children = (
				52F236391D637AF50027E5C4 /* Base */,
			);
			name = LaunchScreen.storyboard;
			sourceTree = "<group>";
		};
/* End PBXVariantGroup section */

/* Begin XCBuildConfiguration section */
		5261970D1D720160000705E5 /* Debug */ = {
			isa = XCBuildConfiguration;
			buildSettings = {
				APPLICATION_EXTENSION_API_ONLY = YES;
				CLANG_ENABLE_MODULES = YES;
				CODE_SIGN_IDENTITY = "";
				CURRENT_PROJECT_VERSION = 1;
				DEFINES_MODULE = YES;
				DEVELOPMENT_TEAM = A5J34NR598;
				DYLIB_COMPATIBILITY_VERSION = 1;
				DYLIB_CURRENT_VERSION = 1;
				DYLIB_INSTALL_NAME_BASE = "@rpath";
				INFOPLIST_FILE = SharedManager/Info.plist;
				INSTALL_PATH = "$(LOCAL_LIBRARY_DIR)/Frameworks";
				LD_RUNPATH_SEARCH_PATHS = "$(inherited) @executable_path/Frameworks @loader_path/Frameworks";
				PRODUCT_BUNDLE_IDENTIFIER = com.clevertap.SharedManager;
				PRODUCT_NAME = "$(TARGET_NAME)";
				SKIP_INSTALL = YES;
				SWIFT_OPTIMIZATION_LEVEL = "-Onone";
				SWIFT_VERSION = 3.0;
				VERSIONING_SYSTEM = "apple-generic";
				VERSION_INFO_PREFIX = "";
			};
			name = Debug;
		};
		5261970E1D720160000705E5 /* Release */ = {
			isa = XCBuildConfiguration;
			buildSettings = {
				APPLICATION_EXTENSION_API_ONLY = YES;
				CLANG_ENABLE_MODULES = YES;
				CODE_SIGN_IDENTITY = "";
				CURRENT_PROJECT_VERSION = 1;
				DEFINES_MODULE = YES;
				DEVELOPMENT_TEAM = A5J34NR598;
				DYLIB_COMPATIBILITY_VERSION = 1;
				DYLIB_CURRENT_VERSION = 1;
				DYLIB_INSTALL_NAME_BASE = "@rpath";
				INFOPLIST_FILE = SharedManager/Info.plist;
				INSTALL_PATH = "$(LOCAL_LIBRARY_DIR)/Frameworks";
				LD_RUNPATH_SEARCH_PATHS = "$(inherited) @executable_path/Frameworks @loader_path/Frameworks";
				PRODUCT_BUNDLE_IDENTIFIER = com.clevertap.SharedManager;
				PRODUCT_NAME = "$(TARGET_NAME)";
				SKIP_INSTALL = YES;
				SWIFT_VERSION = 3.0;
				VERSIONING_SYSTEM = "apple-generic";
				VERSION_INFO_PREFIX = "";
			};
			name = Release;
		};
		52B7F3DF1D6B685C007DCFD4 /* Debug */ = {
			isa = XCBuildConfiguration;
			baseConfigurationReference = 3BACB7D5F1139F0BD5BD6FE1 /* Pods-ShareExtension.debug.xcconfig */;
			buildSettings = {
				CODE_SIGN_ENTITLEMENTS = ShareExtension/ShareExtension.entitlements;
				DEVELOPMENT_TEAM = A5J34NR598;
				FRAMEWORK_SEARCH_PATHS = (
					"$(inherited)",
					"\"${PODS_ROOT}/../../clevertap-ios-sdk\"/**",
				);
				GCC_PREPROCESSOR_DEFINITIONS = (
					"$(inherited)",
					"COCOAPODS=1",
				);
				INFOPLIST_FILE = ShareExtension/Info.plist;
				LD_RUNPATH_SEARCH_PATHS = "$(inherited) @executable_path/Frameworks @executable_path/../../Frameworks";
				OTHER_LDFLAGS = (
					"$(inherited)",
					"-ObjC",
					"-framework",
					"\"CoreLocation\"",
					"-framework",
					"\"CoreTelephony\"",
					"-framework",
					"\"Security\"",
					"-framework",
					"\"SystemConfiguration\"",
					"-framework",
					"\"UIKit\"",
					"-framework",
					"\"CleverTapSDK.appex\"",
				);
				PRODUCT_BUNDLE_IDENTIFIER = com.clevertap.demo10.ShareExtension;
				PRODUCT_NAME = "$(TARGET_NAME)";
				SKIP_INSTALL = YES;
				SWIFT_OBJC_BRIDGING_HEADER = "demo10/extension-bridging-header.h";
				SWIFT_VERSION = 3.0;
			};
			name = Debug;
		};
		52B7F3E01D6B685C007DCFD4 /* Release */ = {
			isa = XCBuildConfiguration;
			baseConfigurationReference = 016BE03D12045C37DA6D341C /* Pods-ShareExtension.release.xcconfig */;
			buildSettings = {
				CODE_SIGN_ENTITLEMENTS = ShareExtension/ShareExtension.entitlements;
				DEVELOPMENT_TEAM = A5J34NR598;
				FRAMEWORK_SEARCH_PATHS = (
					"$(inherited)",
					"\"${PODS_ROOT}/../../clevertap-ios-sdk\"/**",
				);
				GCC_PREPROCESSOR_DEFINITIONS = (
					"$(inherited)",
					"COCOAPODS=1",
				);
				INFOPLIST_FILE = ShareExtension/Info.plist;
				LD_RUNPATH_SEARCH_PATHS = "$(inherited) @executable_path/Frameworks @executable_path/../../Frameworks";
				OTHER_LDFLAGS = (
					"$(inherited)",
					"-ObjC",
					"-framework",
					"\"CoreLocation\"",
					"-framework",
					"\"CoreTelephony\"",
					"-framework",
					"\"Security\"",
					"-framework",
					"\"SystemConfiguration\"",
					"-framework",
					"\"UIKit\"",
					"-framework",
					"\"CleverTapSDK.appex\"",
				);
				PRODUCT_BUNDLE_IDENTIFIER = com.clevertap.demo10.ShareExtension;
				PRODUCT_NAME = "$(TARGET_NAME)";
				SKIP_INSTALL = YES;
				SWIFT_OBJC_BRIDGING_HEADER = "demo10/extension-bridging-header.h";
				SWIFT_VERSION = 3.0;
			};
			name = Release;
		};
		52CFDD3D1D63A17100945DA7 /* Debug */ = {
			isa = XCBuildConfiguration;
			baseConfigurationReference = B31DF93D6CBC185E424B055D /* Pods-NotificationContent.debug.xcconfig */;
			buildSettings = {
				ALWAYS_EMBED_SWIFT_STANDARD_LIBRARIES = YES;
				CODE_SIGN_ENTITLEMENTS = NotificationContent/NotificationContent.entitlements;
				DEVELOPMENT_TEAM = A5J34NR598;
				FRAMEWORK_SEARCH_PATHS = (
					"$(inherited)",
					"\"${PODS_ROOT}/../../clevertap-ios-sdk\"/**",
				);
				GCC_PREPROCESSOR_DEFINITIONS = (
					"$(inherited)",
					"COCOAPODS=1",
				);
				INFOPLIST_FILE = NotificationContent/Info.plist;
				LD_RUNPATH_SEARCH_PATHS = "$(inherited) @executable_path/Frameworks @executable_path/../../Frameworks";
				PRODUCT_BUNDLE_IDENTIFIER = com.clevertap.demo10.NotificationContent;
				PRODUCT_NAME = "$(TARGET_NAME)";
				SKIP_INSTALL = YES;
				SWIFT_OBJC_BRIDGING_HEADER = "demo10/extension-bridging-header.h";
				SWIFT_VERSION = 3.0;
			};
			name = Debug;
		};
		52CFDD3E1D63A17100945DA7 /* Release */ = {
			isa = XCBuildConfiguration;
			baseConfigurationReference = FAF148D262F7C4BE48DB4EDF /* Pods-NotificationContent.release.xcconfig */;
			buildSettings = {
				ALWAYS_EMBED_SWIFT_STANDARD_LIBRARIES = YES;
				CODE_SIGN_ENTITLEMENTS = NotificationContent/NotificationContent.entitlements;
				DEVELOPMENT_TEAM = A5J34NR598;
				FRAMEWORK_SEARCH_PATHS = (
					"$(inherited)",
					"\"${PODS_ROOT}/../../clevertap-ios-sdk\"/**",
				);
				GCC_PREPROCESSOR_DEFINITIONS = (
					"$(inherited)",
					"COCOAPODS=1",
				);
				INFOPLIST_FILE = NotificationContent/Info.plist;
				LD_RUNPATH_SEARCH_PATHS = "$(inherited) @executable_path/Frameworks @executable_path/../../Frameworks";
				PRODUCT_BUNDLE_IDENTIFIER = com.clevertap.demo10.NotificationContent;
				PRODUCT_NAME = "$(TARGET_NAME)";
				SKIP_INSTALL = YES;
				SWIFT_OBJC_BRIDGING_HEADER = "demo10/extension-bridging-header.h";
				SWIFT_VERSION = 3.0;
			};
			name = Release;
		};
		52F2363C1D637AF50027E5C4 /* Debug */ = {
			isa = XCBuildConfiguration;
			buildSettings = {
				ALWAYS_SEARCH_USER_PATHS = NO;
				CLANG_ANALYZER_NONNULL = YES;
				CLANG_CXX_LANGUAGE_STANDARD = "gnu++0x";
				CLANG_CXX_LIBRARY = "libc++";
				CLANG_ENABLE_MODULES = YES;
				CLANG_ENABLE_OBJC_ARC = YES;
				CLANG_WARN_BOOL_CONVERSION = YES;
				CLANG_WARN_CONSTANT_CONVERSION = YES;
				CLANG_WARN_DIRECT_OBJC_ISA_USAGE = YES_ERROR;
				CLANG_WARN_DOCUMENTATION_COMMENTS = YES;
				CLANG_WARN_EMPTY_BODY = YES;
				CLANG_WARN_ENUM_CONVERSION = YES;
				CLANG_WARN_INFINITE_RECURSION = YES;
				CLANG_WARN_INT_CONVERSION = YES;
				CLANG_WARN_OBJC_ROOT_CLASS = YES_ERROR;
				CLANG_WARN_SUSPICIOUS_MOVE = YES;
				CLANG_WARN_SUSPICIOUS_MOVES = YES;
				CLANG_WARN_UNREACHABLE_CODE = YES;
				CLANG_WARN__DUPLICATE_METHOD_MATCH = YES;
				"CODE_SIGN_IDENTITY[sdk=iphoneos*]" = "iPhone Developer";
				COPY_PHASE_STRIP = NO;
				DEBUG_INFORMATION_FORMAT = dwarf;
				ENABLE_STRICT_OBJC_MSGSEND = YES;
				ENABLE_TESTABILITY = YES;
				GCC_C_LANGUAGE_STANDARD = gnu99;
				GCC_DYNAMIC_NO_PIC = NO;
				GCC_NO_COMMON_BLOCKS = YES;
				GCC_OPTIMIZATION_LEVEL = 0;
				GCC_PREPROCESSOR_DEFINITIONS = (
					"DEBUG=1",
					"$(inherited)",
				);
				GCC_WARN_64_TO_32_BIT_CONVERSION = YES;
				GCC_WARN_ABOUT_RETURN_TYPE = YES_ERROR;
				GCC_WARN_UNDECLARED_SELECTOR = YES;
				GCC_WARN_UNINITIALIZED_AUTOS = YES_AGGRESSIVE;
				GCC_WARN_UNUSED_FUNCTION = YES;
				GCC_WARN_UNUSED_VARIABLE = YES;
				IPHONEOS_DEPLOYMENT_TARGET = 10.0;
				MTL_ENABLE_DEBUG_INFO = YES;
				ONLY_ACTIVE_ARCH = YES;
				SDKROOT = iphoneos;
				SWIFT_ACTIVE_COMPILATION_CONDITIONS = DEBUG;
				SWIFT_OPTIMIZATION_LEVEL = "-Onone";
				TARGETED_DEVICE_FAMILY = "1,2";
			};
			name = Debug;
		};
		52F2363D1D637AF50027E5C4 /* Release */ = {
			isa = XCBuildConfiguration;
			buildSettings = {
				ALWAYS_SEARCH_USER_PATHS = NO;
				CLANG_ANALYZER_NONNULL = YES;
				CLANG_CXX_LANGUAGE_STANDARD = "gnu++0x";
				CLANG_CXX_LIBRARY = "libc++";
				CLANG_ENABLE_MODULES = YES;
				CLANG_ENABLE_OBJC_ARC = YES;
				CLANG_WARN_BOOL_CONVERSION = YES;
				CLANG_WARN_CONSTANT_CONVERSION = YES;
				CLANG_WARN_DIRECT_OBJC_ISA_USAGE = YES_ERROR;
				CLANG_WARN_DOCUMENTATION_COMMENTS = YES;
				CLANG_WARN_EMPTY_BODY = YES;
				CLANG_WARN_ENUM_CONVERSION = YES;
				CLANG_WARN_INFINITE_RECURSION = YES;
				CLANG_WARN_INT_CONVERSION = YES;
				CLANG_WARN_OBJC_ROOT_CLASS = YES_ERROR;
				CLANG_WARN_SUSPICIOUS_MOVE = YES;
				CLANG_WARN_SUSPICIOUS_MOVES = YES;
				CLANG_WARN_UNREACHABLE_CODE = YES;
				CLANG_WARN__DUPLICATE_METHOD_MATCH = YES;
				"CODE_SIGN_IDENTITY[sdk=iphoneos*]" = "iPhone Developer";
				COPY_PHASE_STRIP = NO;
				DEBUG_INFORMATION_FORMAT = "dwarf-with-dsym";
				ENABLE_NS_ASSERTIONS = NO;
				ENABLE_STRICT_OBJC_MSGSEND = YES;
				GCC_C_LANGUAGE_STANDARD = gnu99;
				GCC_NO_COMMON_BLOCKS = YES;
				GCC_WARN_64_TO_32_BIT_CONVERSION = YES;
				GCC_WARN_ABOUT_RETURN_TYPE = YES_ERROR;
				GCC_WARN_UNDECLARED_SELECTOR = YES;
				GCC_WARN_UNINITIALIZED_AUTOS = YES_AGGRESSIVE;
				GCC_WARN_UNUSED_FUNCTION = YES;
				GCC_WARN_UNUSED_VARIABLE = YES;
				IPHONEOS_DEPLOYMENT_TARGET = 10.0;
				MTL_ENABLE_DEBUG_INFO = NO;
				SDKROOT = iphoneos;
				SWIFT_OPTIMIZATION_LEVEL = "-Owholemodule";
				TARGETED_DEVICE_FAMILY = "1,2";
				VALIDATE_PRODUCT = YES;
			};
			name = Release;
		};
		52F2363F1D637AF50027E5C4 /* Debug */ = {
			isa = XCBuildConfiguration;
			baseConfigurationReference = 18A4092F132C16368A0E6587 /* Pods-demo10.debug.xcconfig */;
			buildSettings = {
				ALWAYS_EMBED_SWIFT_STANDARD_LIBRARIES = YES;
				ASSETCATALOG_COMPILER_APPICON_NAME = AppIcon;
				CODE_SIGN_ENTITLEMENTS = demo10/demo10.entitlements;
				DEVELOPMENT_TEAM = A5J34NR598;
				INFOPLIST_FILE = demo10/Info.plist;
				LD_RUNPATH_SEARCH_PATHS = "$(inherited) @executable_path/Frameworks";
				PRODUCT_BUNDLE_IDENTIFIER = com.clevertap.demo10;
				PRODUCT_NAME = "$(TARGET_NAME)";
				SWIFT_OBJC_BRIDGING_HEADER = "demo10/bridging-header.h";
				SWIFT_VERSION = 3.0;
			};
			name = Debug;
		};
		52F236401D637AF50027E5C4 /* Release */ = {
			isa = XCBuildConfiguration;
			baseConfigurationReference = 9DCB25DD8145893DB2671DA5 /* Pods-demo10.release.xcconfig */;
			buildSettings = {
				ALWAYS_EMBED_SWIFT_STANDARD_LIBRARIES = YES;
				ASSETCATALOG_COMPILER_APPICON_NAME = AppIcon;
				CODE_SIGN_ENTITLEMENTS = demo10/demo10.entitlements;
				DEVELOPMENT_TEAM = A5J34NR598;
				INFOPLIST_FILE = demo10/Info.plist;
				LD_RUNPATH_SEARCH_PATHS = "$(inherited) @executable_path/Frameworks";
				PRODUCT_BUNDLE_IDENTIFIER = com.clevertap.demo10;
				PRODUCT_NAME = "$(TARGET_NAME)";
				SWIFT_OBJC_BRIDGING_HEADER = "demo10/bridging-header.h";
				SWIFT_VERSION = 3.0;
			};
			name = Release;
		};
		52F236501D639C870027E5C4 /* Debug */ = {
			isa = XCBuildConfiguration;
			baseConfigurationReference = 5690295DA251575FF4A2F1AE /* Pods-NotificationService.debug.xcconfig */;
			buildSettings = {
				CODE_SIGN_ENTITLEMENTS = NotificationService/NotificationService.entitlements;
				DEVELOPMENT_TEAM = A5J34NR598;
				FRAMEWORK_SEARCH_PATHS = (
					"$(inherited)",
					"\"${PODS_ROOT}/../../clevertap-ios-sdk\"/**",
				);
				INFOPLIST_FILE = "$(SRCROOT)/NotificationService/Info.plist";
				LD_RUNPATH_SEARCH_PATHS = "$(inherited) @executable_path/Frameworks @executable_path/../../Frameworks";
				PRODUCT_BUNDLE_IDENTIFIER = com.clevertap.demo10.ns;
				PRODUCT_NAME = "$(TARGET_NAME)";
				SKIP_INSTALL = YES;
				SWIFT_OBJC_BRIDGING_HEADER = "demo10/extension-bridging-header.h";
				SWIFT_VERSION = 3.0;
			};
			name = Debug;
		};
		52F236511D639C870027E5C4 /* Release */ = {
			isa = XCBuildConfiguration;
			baseConfigurationReference = 5A5BC5F6AA9D6B5844500127 /* Pods-NotificationService.release.xcconfig */;
			buildSettings = {
				CODE_SIGN_ENTITLEMENTS = NotificationService/NotificationService.entitlements;
				DEVELOPMENT_TEAM = A5J34NR598;
				FRAMEWORK_SEARCH_PATHS = (
					"$(inherited)",
					"\"${PODS_ROOT}/../../clevertap-ios-sdk\"/**",
				);
				INFOPLIST_FILE = "$(SRCROOT)/NotificationService/Info.plist";
				LD_RUNPATH_SEARCH_PATHS = "$(inherited) @executable_path/Frameworks @executable_path/../../Frameworks";
				PRODUCT_BUNDLE_IDENTIFIER = com.clevertap.demo10.ns;
				PRODUCT_NAME = "$(TARGET_NAME)";
				SKIP_INSTALL = YES;
				SWIFT_OBJC_BRIDGING_HEADER = "demo10/extension-bridging-header.h";
				SWIFT_VERSION = 3.0;
			};
			name = Release;
		};
/* End XCBuildConfiguration section */

/* Begin XCConfigurationList section */
		5261970C1D720160000705E5 /* Build configuration list for PBXNativeTarget "SharedManager" */ = {
			isa = XCConfigurationList;
			buildConfigurations = (
				5261970D1D720160000705E5 /* Debug */,
				5261970E1D720160000705E5 /* Release */,
			);
			defaultConfigurationIsVisible = 0;
			defaultConfigurationName = Release;
		};
		52B7F3E11D6B685C007DCFD4 /* Build configuration list for PBXNativeTarget "ShareExtension" */ = {
			isa = XCConfigurationList;
			buildConfigurations = (
				52B7F3DF1D6B685C007DCFD4 /* Debug */,
				52B7F3E01D6B685C007DCFD4 /* Release */,
			);
			defaultConfigurationIsVisible = 0;
			defaultConfigurationName = Release;
		};
		52CFDD3C1D63A17100945DA7 /* Build configuration list for PBXNativeTarget "NotificationContent" */ = {
			isa = XCConfigurationList;
			buildConfigurations = (
				52CFDD3D1D63A17100945DA7 /* Debug */,
				52CFDD3E1D63A17100945DA7 /* Release */,
			);
			defaultConfigurationIsVisible = 0;
			defaultConfigurationName = Release;
		};
		52F236271D637AF50027E5C4 /* Build configuration list for PBXProject "demo10" */ = {
			isa = XCConfigurationList;
			buildConfigurations = (
				52F2363C1D637AF50027E5C4 /* Debug */,
				52F2363D1D637AF50027E5C4 /* Release */,
			);
			defaultConfigurationIsVisible = 0;
			defaultConfigurationName = Release;
		};
		52F2363E1D637AF50027E5C4 /* Build configuration list for PBXNativeTarget "demo10" */ = {
			isa = XCConfigurationList;
			buildConfigurations = (
				52F2363F1D637AF50027E5C4 /* Debug */,
				52F236401D637AF50027E5C4 /* Release */,
			);
			defaultConfigurationIsVisible = 0;
			defaultConfigurationName = Release;
		};
		52F2364F1D639C870027E5C4 /* Build configuration list for PBXNativeTarget "NotificationService" */ = {
			isa = XCConfigurationList;
			buildConfigurations = (
				52F236501D639C870027E5C4 /* Debug */,
				52F236511D639C870027E5C4 /* Release */,
			);
			defaultConfigurationIsVisible = 0;
			defaultConfigurationName = Release;
		};
/* End XCConfigurationList section */
	};
	rootObject = 52F236241D637AF50027E5C4 /* Project object */;
}
